# THIS IS AN AUTOGENERATED FILE. DO NOT EDIT THIS FILE DIRECTLY.
# yarn lockfile v1


lodash@^4.17.21:
  version "4.17.21"
  resolved "https://registry.npmjs.org/lodash/-/lodash-4.17.21.tgz"
  integrity sha512-v2kDEe57lecTulaDIuNTPy3Ry4gLGJ6Z1O3vE1krgXZNrsQ+LFTGHVxVjcXPs17LhbZVGedAJv8XZ1tvj5FvSg==

mnemonist@^0.39.5:
  version "0.39.5"
  resolved "https://registry.yarnpkg.com/mnemonist/-/mnemonist-0.39.5.tgz#5850d9b30d1b2bc57cc8787e5caa40f6c3420477"
  integrity sha512-FPUtkhtJ0efmEFGpU14x7jGbTB+s18LrzRL2KgoWz9YvcY3cPomz8tih01GbHwnGk/OmkOKfqd/RAQoc8Lm7DQ==
  dependencies:
    obliterator "^2.0.1"

obliterator@^2.0.1:
  version "2.0.4"
  resolved "https://registry.yarnpkg.com/obliterator/-/obliterator-2.0.4.tgz#fa650e019b2d075d745e44f1effeb13a2adbe816"
  integrity sha512-lgHwxlxV1qIg1Eap7LgIeoBWIMFibOjbrYPIPJZcI1mmGAI2m3lNYpK12Y+GBdPQ0U1hRwSord7GIaawz962qQ==
